
Microsoft Visual Studio Solution File, Format Version 12.00
# Visual Studio Version 17
VisualStudioVersion = 17.2.32616.157
MinimumVisualStudioVersion = 10.0.40219.1
Project("{FAE04EC0-301F-11D3-BF4B-00C04F79EFBC}") = "EjercicioClase13", "EjercicioClase13.csproj", "{7F4F9004-887F-44C0-A3E7-55D747F56489}"
EndProject
Global
	GlobalSection(SolutionConfigurationPlatforms) = preSolution
		Debug|Any CPU = Debug|Any CPU
		Release|Any CPU = Release|Any CPU
	EndGlobalSection
	GlobalSection(ProjectConfigurationPlatforms) = postSolution
		{7F4F9004-887F-44C0-A3E7-55D747F56489}.Debug|Any CPU.ActiveCfg = Debug|Any CPU
		{7F4F9004-887F-44C0-A3E7-55D747F56489}.Debug|Any CPU.Build.0 = Debug|Any CPU
		{7F4F9004-887F-44C0-A3E7-55D747F56489}.Release|Any CPU.ActiveCfg = Release|Any CPU
		{7F4F9004-887F-44C0-A3E7-55D747F56489}.Release|Any CPU.Build.0 = Release|Any CPU
	EndGlobalSection
	GlobalSection(SolutionProperties) = preSolution
		HideSolutionNode = FALSE
	EndGlobalSection
	GlobalSection(ExtensibilityGlobals) = postSolution
		SolutionGuid = {350B6390-F36B-4E0B-83D7-4D56FA217C44}
	EndGlobalSection
EndGlobal
